
Microsoft Visual Studio Solution File, Format Version 12.00
# Visual Studio Version 17
VisualStudioVersion = 17.0.31903.59
MinimumVisualStudioVersion = 10.0.40219.1
Project("{2150E333-8FDC-42A3-9474-1A3956D46DE8}") = "Learn1", "Learn1", "{D41059F4-515F-42CB-AAD2-4E3AE4511A12}"
EndProject
Project("{2150E333-8FDC-42A3-9474-1A3956D46DE8}") = "Task1", "Task1", "{D9A0B1C7-7C7C-4DA1-B87F-F5C713B1A612}"
EndProject
Project("{2150E333-8FDC-42A3-9474-1A3956D46DE8}") = "Task1Sample", "Task1Sample", "{6855B9D7-39C4-4096-888F-220AED6092B8}"
	ProjectSection(SolutionItems) = preProject
		Learn1\Task1\Task1Sample\readme.md = Learn1\Task1\Task1Sample\readme.md
	EndProjectSection
EndProject
Project("{FAE04EC0-301F-11D3-BF4B-00C04F79EFBC}") = "Task1Sample", "Learn1\Task1\Task1Sample\Task1Sample\Task1Sample.csproj", "{56D73471-789D-4558-A6DC-075717D856A2}"
EndProject
Project("{2150E333-8FDC-42A3-9474-1A3956D46DE8}") = "CustomerSub", "CustomerSub", "{36D591C7-65C7-A0D1-1CBC-10CDE441BDC8}"
	ProjectSection(SolutionItems) = preProject
		Learn1\Task1\Task1Sample\CustomerSub\readme.md = Learn1\Task1\Task1Sample\CustomerSub\readme.md
	EndProjectSection
EndProject
Project("{FAE04EC0-301F-11D3-BF4B-00C04F79EFBC}") = "Task1.CustomerSub.Contract", "Learn1\Task1\Task1Sample\CustomerSub\Task1.CustomerSub.Contract\Task1.CustomerSub.Contract.csproj", "{ED18BC43-595B-490D-9F6B-78FB6DED9493}"
EndProject
Project("{FAE04EC0-301F-11D3-BF4B-00C04F79EFBC}") = "Task1.CustomerSub.Domain", "Learn1\Task1\Task1Sample\CustomerSub\Task1.CustomerSub.Domain\Task1.CustomerSub.Domain.csproj", "{C5549A86-40FE-4DD0-B1FE-222FA2CDF7C7}"
EndProject
Project("{FAE04EC0-301F-11D3-BF4B-00C04F79EFBC}") = "Task1.CustomerSub.Application", "Learn1\Task1\Task1Sample\CustomerSub\Task1.CustomerSub.Application\Task1.CustomerSub.Application.csproj", "{C96070DB-2023-47D2-9FD1-5A050BB0861C}"
EndProject
Project("{FAE04EC0-301F-11D3-BF4B-00C04F79EFBC}") = "Task1.CustomerSub.Infra", "Learn1\Task1\Task1Sample\CustomerSub\Task1.CustomerSub.Infra\Task1.CustomerSub.Infra.csproj", "{CB306DB5-9D2E-42F7-B893-4468E4A98DC8}"
EndProject
Project("{2150E333-8FDC-42A3-9474-1A3956D46DE8}") = "Simple", "Simple", "{15CE7761-C59C-4269-AF8E-81C8BDEC0FCE}"
EndProject
Project("{2150E333-8FDC-42A3-9474-1A3956D46DE8}") = "src", "src", "{B77FE594-311B-4B57-A7CD-A3709E25045B}"
EndProject
Project("{2150E333-8FDC-42A3-9474-1A3956D46DE8}") = "tests", "tests", "{49C60052-DE3E-48E3-AD76-771F064022A6}"
EndProject
Project("{2150E333-8FDC-42A3-9474-1A3956D46DE8}") = "InventorySubn", "InventorySubn", "{A9B1889C-8721-4FAE-B502-B7B1AF714CB4}"
	ProjectSection(SolutionItems) = preProject
		Simple\src\InventorySubn\readme.md = Simple\src\InventorySubn\readme.md
	EndProjectSection
EndProject
Project("{FAE04EC0-301F-11D3-BF4B-00C04F79EFBC}") = "SimpleApp1", "Simple\src\SimpleApp1\SimpleApp1.csproj", "{06D67C50-3CBD-41B3-B594-55F221B62A23}"
EndProject
Project("{FAE04EC0-301F-11D3-BF4B-00C04F79EFBC}") = "Simple.InventorySubn.Contract", "Simple\src\InventorySubn\Simple.InventorySubn.Contract\Simple.InventorySubn.Contract.csproj", "{F8A3F9CF-C903-4C90-9E1E-7E5AC609817E}"
EndProject
Project("{FAE04EC0-301F-11D3-BF4B-00C04F79EFBC}") = "Simple.InventorySubn.Domain", "Simple\src\InventorySubn\Simple.InventorySubn.Domain\Simple.InventorySubn.Domain.csproj", "{245404FE-7525-4280-BF5E-391584A73D12}"
EndProject
Project("{FAE04EC0-301F-11D3-BF4B-00C04F79EFBC}") = "Simple.InventorySubn.Application", "Simple\src\InventorySubn\Simple.InventorySubn.Application\Simple.InventorySubn.Application.csproj", "{6C2354FC-84B8-4205-A7B9-F3A7202B533F}"
EndProject
Project("{FAE04EC0-301F-11D3-BF4B-00C04F79EFBC}") = "Simple.InventorySubn.Infra", "Simple\src\InventorySubn\Simple.InventorySubn.Infra\Simple.InventorySubn.Infra.csproj", "{33C6A499-24EB-4FA5-8C84-E047FD977E97}"
EndProject
Project("{FAE04EC0-301F-11D3-BF4B-00C04F79EFBC}") = "Simple.InventorySubn.Tests.Story", "Simple\tests\Simple.InventorySubn.Tests.Story\Simple.InventorySubn.Tests.Story.csproj", "{36A6659B-C5DF-4AD7-A4C2-9BE7276AEEE9}"
EndProject
Project("{2150E333-8FDC-42A3-9474-1A3956D46DE8}") = "Sample2", "Sample2", "{3446A7B4-C9E4-46B7-8B9A-9C4A0A7F1F07}"
EndProject
Project("{2150E333-8FDC-42A3-9474-1A3956D46DE8}") = "src", "src", "{CF80794B-14F6-400A-8FD8-A64979F67CBD}"
EndProject
Project("{2150E333-8FDC-42A3-9474-1A3956D46DE8}") = "tests", "tests", "{EAB5F458-039A-48D8-A079-A22BD95ED6C5}"
EndProject
Project("{FAE04EC0-301F-11D3-BF4B-00C04F79EFBC}") = "Sample2App", "Sample2\src\Sample2App\Sample2App.csproj", "{7F25E536-4AFD-4EB4-B79A-75F35B9BD3C7}"
EndProject
Project("{2150E333-8FDC-42A3-9474-1A3956D46DE8}") = "QuestionnaireSubn", "QuestionnaireSubn", "{0341FAED-B45F-4603-A3FF-787B7ACE68D2}"
	ProjectSection(SolutionItems) = preProject
		Sample2\src\QuestionnaireSubn\readme.md = Sample2\src\QuestionnaireSubn\readme.md
	EndProjectSection
EndProject
Project("{FAE04EC0-301F-11D3-BF4B-00C04F79EFBC}") = "Sample2.QuestionnaireSubn.Contract", "Sample2\src\QuestionnaireSubn\Sample2.QuestionnaireSubn.Contract\Sample2.QuestionnaireSubn.Contract.csproj", "{675910F6-FB38-4728-A426-AC58C6F077EF}"
EndProject
Project("{FAE04EC0-301F-11D3-BF4B-00C04F79EFBC}") = "Sample2.QuestionnaireSubn.Domain", "Sample2\src\QuestionnaireSubn\Sample2.QuestionnaireSubn.Domain\Sample2.QuestionnaireSubn.Domain.csproj", "{4EBA7ACA-F98B-4ECE-BB55-2174BD84BD7C}"
EndProject
Project("{FAE04EC0-301F-11D3-BF4B-00C04F79EFBC}") = "Sample2.QuestionnaireSubn.Application", "Sample2\src\QuestionnaireSubn\Sample2.QuestionnaireSubn.Application\Sample2.QuestionnaireSubn.Application.csproj", "{C1D0D6AC-CC6D-4411-BA8E-ED73DD0ACD38}"
EndProject
Project("{FAE04EC0-301F-11D3-BF4B-00C04F79EFBC}") = "Sample2.QuestionnaireSubn.Infra", "Sample2\src\QuestionnaireSubn\Sample2.QuestionnaireSubn.Infra\Sample2.QuestionnaireSubn.Infra.csproj", "{AD32CEDC-68EA-4F03-AEF2-8ADD87D17666}"
EndProject
Project("{2150E333-8FDC-42A3-9474-1A3956D46DE8}") = "EasySample", "EasySample", "{9567D7BF-30B3-4C7A-8642-5CD9DE5EA01D}"
EndProject
Project("{2150E333-8FDC-42A3-9474-1A3956D46DE8}") = "src", "src", "{4AFDBCD2-16F2-49E8-B921-238890C6C5D5}"
EndProject
Project("{2150E333-8FDC-42A3-9474-1A3956D46DE8}") = "tests", "tests", "{44F71800-4F1C-4BE6-945C-1CA96AFCC3E0}"
EndProject
Project("{FAE04EC0-301F-11D3-BF4B-00C04F79EFBC}") = "EasySample", "EasySample\src\EasySample\EasySample.csproj", "{D23A8092-0395-4DC9-AF47-3D86DFE4AB7C}"
EndProject
Project("{2150E333-8FDC-42A3-9474-1A3956D46DE8}") = "Questionnaire", "Questionnaire", "{691CFD67-B3D7-4BB3-9089-B0ED23CCDFC1}"
	ProjectSection(SolutionItems) = preProject
		EasySample\src\Questionnaire\readme.md = EasySample\src\Questionnaire\readme.md
	EndProjectSection
EndProject
Project("{FAE04EC0-301F-11D3-BF4B-00C04F79EFBC}") = "Easy.Questionnaire.Domain", "EasySample\src\Questionnaire\Easy.Questionnaire.Domain\Easy.Questionnaire.Domain.csproj", "{D97756CE-4C89-4648-B09C-0A6BCEBDF2E5}"
EndProject
Project("{FAE04EC0-301F-11D3-BF4B-00C04F79EFBC}") = "Easy.Questionnaire.Contract", "EasySample\src\Questionnaire\Easy.Questionnaire.Contract\Easy.Questionnaire.Contract.csproj", "{82287A05-89B3-4BA4-A257-D30703C85D42}"
EndProject
Project("{FAE04EC0-301F-11D3-BF4B-00C04F79EFBC}") = "Easy.Questionnaire.Application", "EasySample\src\Questionnaire\Easy.Questionnaire.Application\Easy.Questionnaire.Application.csproj", "{C3ABBBCF-0763-4EB2-9424-513A83C4F0FF}"
EndProject
Project("{FAE04EC0-301F-11D3-BF4B-00C04F79EFBC}") = "Easy.Questionnaire.Infra", "EasySample\src\Questionnaire\Easy.Questionnaire.Infra\Easy.Questionnaire.Infra.csproj", "{ED94852A-1AA3-4F7D-ABD8-6AC6BFA19467}"
EndProject
Global
	GlobalSection(SolutionConfigurationPlatforms) = preSolution
		Debug|Any CPU = Debug|Any CPU
		Release|Any CPU = Release|Any CPU
	EndGlobalSection
	GlobalSection(ProjectConfigurationPlatforms) = postSolution
		{56D73471-789D-4558-A6DC-075717D856A2}.Debug|Any CPU.ActiveCfg = Debug|Any CPU
		{56D73471-789D-4558-A6DC-075717D856A2}.Debug|Any CPU.Build.0 = Debug|Any CPU
		{56D73471-789D-4558-A6DC-075717D856A2}.Release|Any CPU.ActiveCfg = Release|Any CPU
		{56D73471-789D-4558-A6DC-075717D856A2}.Release|Any CPU.Build.0 = Release|Any CPU
		{ED18BC43-595B-490D-9F6B-78FB6DED9493}.Debug|Any CPU.ActiveCfg = Debug|Any CPU
		{ED18BC43-595B-490D-9F6B-78FB6DED9493}.Debug|Any CPU.Build.0 = Debug|Any CPU
		{ED18BC43-595B-490D-9F6B-78FB6DED9493}.Release|Any CPU.ActiveCfg = Release|Any CPU
		{ED18BC43-595B-490D-9F6B-78FB6DED9493}.Release|Any CPU.Build.0 = Release|Any CPU
		{C5549A86-40FE-4DD0-B1FE-222FA2CDF7C7}.Debug|Any CPU.ActiveCfg = Debug|Any CPU
		{C5549A86-40FE-4DD0-B1FE-222FA2CDF7C7}.Debug|Any CPU.Build.0 = Debug|Any CPU
		{C5549A86-40FE-4DD0-B1FE-222FA2CDF7C7}.Release|Any CPU.ActiveCfg = Release|Any CPU
		{C5549A86-40FE-4DD0-B1FE-222FA2CDF7C7}.Release|Any CPU.Build.0 = Release|Any CPU
		{C96070DB-2023-47D2-9FD1-5A050BB0861C}.Debug|Any CPU.ActiveCfg = Debug|Any CPU
		{C96070DB-2023-47D2-9FD1-5A050BB0861C}.Debug|Any CPU.Build.0 = Debug|Any CPU
		{C96070DB-2023-47D2-9FD1-5A050BB0861C}.Release|Any CPU.ActiveCfg = Release|Any CPU
		{C96070DB-2023-47D2-9FD1-5A050BB0861C}.Release|Any CPU.Build.0 = Release|Any CPU
		{CB306DB5-9D2E-42F7-B893-4468E4A98DC8}.Debug|Any CPU.ActiveCfg = Debug|Any CPU
		{CB306DB5-9D2E-42F7-B893-4468E4A98DC8}.Debug|Any CPU.Build.0 = Debug|Any CPU
		{CB306DB5-9D2E-42F7-B893-4468E4A98DC8}.Release|Any CPU.ActiveCfg = Release|Any CPU
		{CB306DB5-9D2E-42F7-B893-4468E4A98DC8}.Release|Any CPU.Build.0 = Release|Any CPU
		{06D67C50-3CBD-41B3-B594-55F221B62A23}.Debug|Any CPU.ActiveCfg = Debug|Any CPU
		{06D67C50-3CBD-41B3-B594-55F221B62A23}.Debug|Any CPU.Build.0 = Debug|Any CPU
		{06D67C50-3CBD-41B3-B594-55F221B62A23}.Release|Any CPU.ActiveCfg = Release|Any CPU
		{06D67C50-3CBD-41B3-B594-55F221B62A23}.Release|Any CPU.Build.0 = Release|Any CPU
		{F8A3F9CF-C903-4C90-9E1E-7E5AC609817E}.Debug|Any CPU.ActiveCfg = Debug|Any CPU
		{F8A3F9CF-C903-4C90-9E1E-7E5AC609817E}.Debug|Any CPU.Build.0 = Debug|Any CPU
		{F8A3F9CF-C903-4C90-9E1E-7E5AC609817E}.Release|Any CPU.ActiveCfg = Release|Any CPU
		{F8A3F9CF-C903-4C90-9E1E-7E5AC609817E}.Release|Any CPU.Build.0 = Release|Any CPU
		{245404FE-7525-4280-BF5E-391584A73D12}.Debug|Any CPU.ActiveCfg = Debug|Any CPU
		{245404FE-7525-4280-BF5E-391584A73D12}.Debug|Any CPU.Build.0 = Debug|Any CPU
		{245404FE-7525-4280-BF5E-391584A73D12}.Release|Any CPU.ActiveCfg = Release|Any CPU
		{245404FE-7525-4280-BF5E-391584A73D12}.Release|Any CPU.Build.0 = Release|Any CPU
		{6C2354FC-84B8-4205-A7B9-F3A7202B533F}.Debug|Any CPU.ActiveCfg = Debug|Any CPU
		{6C2354FC-84B8-4205-A7B9-F3A7202B533F}.Debug|Any CPU.Build.0 = Debug|Any CPU
		{6C2354FC-84B8-4205-A7B9-F3A7202B533F}.Release|Any CPU.ActiveCfg = Release|Any CPU
		{6C2354FC-84B8-4205-A7B9-F3A7202B533F}.Release|Any CPU.Build.0 = Release|Any CPU
		{33C6A499-24EB-4FA5-8C84-E047FD977E97}.Debug|Any CPU.ActiveCfg = Debug|Any CPU
		{33C6A499-24EB-4FA5-8C84-E047FD977E97}.Debug|Any CPU.Build.0 = Debug|Any CPU
		{33C6A499-24EB-4FA5-8C84-E047FD977E97}.Release|Any CPU.ActiveCfg = Release|Any CPU
		{33C6A499-24EB-4FA5-8C84-E047FD977E97}.Release|Any CPU.Build.0 = Release|Any CPU
		{36A6659B-C5DF-4AD7-A4C2-9BE7276AEEE9}.Debug|Any CPU.ActiveCfg = Debug|Any CPU
		{36A6659B-C5DF-4AD7-A4C2-9BE7276AEEE9}.Debug|Any CPU.Build.0 = Debug|Any CPU
		{36A6659B-C5DF-4AD7-A4C2-9BE7276AEEE9}.Release|Any CPU.ActiveCfg = Release|Any CPU
		{36A6659B-C5DF-4AD7-A4C2-9BE7276AEEE9}.Release|Any CPU.Build.0 = Release|Any CPU
		{7F25E536-4AFD-4EB4-B79A-75F35B9BD3C7}.Debug|Any CPU.ActiveCfg = Debug|Any CPU
		{7F25E536-4AFD-4EB4-B79A-75F35B9BD3C7}.Debug|Any CPU.Build.0 = Debug|Any CPU
		{7F25E536-4AFD-4EB4-B79A-75F35B9BD3C7}.Release|Any CPU.ActiveCfg = Release|Any CPU
		{7F25E536-4AFD-4EB4-B79A-75F35B9BD3C7}.Release|Any CPU.Build.0 = Release|Any CPU
		{675910F6-FB38-4728-A426-AC58C6F077EF}.Debug|Any CPU.ActiveCfg = Debug|Any CPU
		{675910F6-FB38-4728-A426-AC58C6F077EF}.Debug|Any CPU.Build.0 = Debug|Any CPU
		{675910F6-FB38-4728-A426-AC58C6F077EF}.Release|Any CPU.ActiveCfg = Release|Any CPU
		{675910F6-FB38-4728-A426-AC58C6F077EF}.Release|Any CPU.Build.0 = Release|Any CPU
		{4EBA7ACA-F98B-4ECE-BB55-2174BD84BD7C}.Debug|Any CPU.ActiveCfg = Debug|Any CPU
		{4EBA7ACA-F98B-4ECE-BB55-2174BD84BD7C}.Debug|Any CPU.Build.0 = Debug|Any CPU
		{4EBA7ACA-F98B-4ECE-BB55-2174BD84BD7C}.Release|Any CPU.ActiveCfg = Release|Any CPU
		{4EBA7ACA-F98B-4ECE-BB55-2174BD84BD7C}.Release|Any CPU.Build.0 = Release|Any CPU
		{C1D0D6AC-CC6D-4411-BA8E-ED73DD0ACD38}.Debug|Any CPU.ActiveCfg = Debug|Any CPU
		{C1D0D6AC-CC6D-4411-BA8E-ED73DD0ACD38}.Debug|Any CPU.Build.0 = Debug|Any CPU
		{C1D0D6AC-CC6D-4411-BA8E-ED73DD0ACD38}.Release|Any CPU.ActiveCfg = Release|Any CPU
		{C1D0D6AC-CC6D-4411-BA8E-ED73DD0ACD38}.Release|Any CPU.Build.0 = Release|Any CPU
		{AD32CEDC-68EA-4F03-AEF2-8ADD87D17666}.Debug|Any CPU.ActiveCfg = Debug|Any CPU
		{AD32CEDC-68EA-4F03-AEF2-8ADD87D17666}.Debug|Any CPU.Build.0 = Debug|Any CPU
		{AD32CEDC-68EA-4F03-AEF2-8ADD87D17666}.Release|Any CPU.ActiveCfg = Release|Any CPU
		{AD32CEDC-68EA-4F03-AEF2-8ADD87D17666}.Release|Any CPU.Build.0 = Release|Any CPU
		{D23A8092-0395-4DC9-AF47-3D86DFE4AB7C}.Debug|Any CPU.ActiveCfg = Debug|Any CPU
		{D23A8092-0395-4DC9-AF47-3D86DFE4AB7C}.Debug|Any CPU.Build.0 = Debug|Any CPU
		{D23A8092-0395-4DC9-AF47-3D86DFE4AB7C}.Release|Any CPU.ActiveCfg = Release|Any CPU
		{D23A8092-0395-4DC9-AF47-3D86DFE4AB7C}.Release|Any CPU.Build.0 = Release|Any CPU
		{D97756CE-4C89-4648-B09C-0A6BCEBDF2E5}.Debug|Any CPU.ActiveCfg = Debug|Any CPU
		{D97756CE-4C89-4648-B09C-0A6BCEBDF2E5}.Debug|Any CPU.Build.0 = Debug|Any CPU
		{D97756CE-4C89-4648-B09C-0A6BCEBDF2E5}.Release|Any CPU.ActiveCfg = Release|Any CPU
		{D97756CE-4C89-4648-B09C-0A6BCEBDF2E5}.Release|Any CPU.Build.0 = Release|Any CPU
		{82287A05-89B3-4BA4-A257-D30703C85D42}.Debug|Any CPU.ActiveCfg = Debug|Any CPU
		{82287A05-89B3-4BA4-A257-D30703C85D42}.Debug|Any CPU.Build.0 = Debug|Any CPU
		{82287A05-89B3-4BA4-A257-D30703C85D42}.Release|Any CPU.ActiveCfg = Release|Any CPU
		{82287A05-89B3-4BA4-A257-D30703C85D42}.Release|Any CPU.Build.0 = Release|Any CPU
		{C3ABBBCF-0763-4EB2-9424-513A83C4F0FF}.Debug|Any CPU.ActiveCfg = Debug|Any CPU
		{C3ABBBCF-0763-4EB2-9424-513A83C4F0FF}.Debug|Any CPU.Build.0 = Debug|Any CPU
		{C3ABBBCF-0763-4EB2-9424-513A83C4F0FF}.Release|Any CPU.ActiveCfg = Release|Any CPU
		{C3ABBBCF-0763-4EB2-9424-513A83C4F0FF}.Release|Any CPU.Build.0 = Release|Any CPU
		{ED94852A-1AA3-4F7D-ABD8-6AC6BFA19467}.Debug|Any CPU.ActiveCfg = Debug|Any CPU
		{ED94852A-1AA3-4F7D-ABD8-6AC6BFA19467}.Debug|Any CPU.Build.0 = Debug|Any CPU
		{ED94852A-1AA3-4F7D-ABD8-6AC6BFA19467}.Release|Any CPU.ActiveCfg = Release|Any CPU
		{ED94852A-1AA3-4F7D-ABD8-6AC6BFA19467}.Release|Any CPU.Build.0 = Release|Any CPU
	EndGlobalSection
	GlobalSection(SolutionProperties) = preSolution
		HideSolutionNode = FALSE
	EndGlobalSection
	GlobalSection(NestedProjects) = preSolution
		{D9A0B1C7-7C7C-4DA1-B87F-F5C713B1A612} = {D41059F4-515F-42CB-AAD2-4E3AE4511A12}
		{6855B9D7-39C4-4096-888F-220AED6092B8} = {D9A0B1C7-7C7C-4DA1-B87F-F5C713B1A612}
		{56D73471-789D-4558-A6DC-075717D856A2} = {6855B9D7-39C4-4096-888F-220AED6092B8}
		{36D591C7-65C7-A0D1-1CBC-10CDE441BDC8} = {6855B9D7-39C4-4096-888F-220AED6092B8}
		{ED18BC43-595B-490D-9F6B-78FB6DED9493} = {36D591C7-65C7-A0D1-1CBC-10CDE441BDC8}
		{C5549A86-40FE-4DD0-B1FE-222FA2CDF7C7} = {36D591C7-65C7-A0D1-1CBC-10CDE441BDC8}
		{C96070DB-2023-47D2-9FD1-5A050BB0861C} = {36D591C7-65C7-A0D1-1CBC-10CDE441BDC8}
		{CB306DB5-9D2E-42F7-B893-4468E4A98DC8} = {36D591C7-65C7-A0D1-1CBC-10CDE441BDC8}
		{B77FE594-311B-4B57-A7CD-A3709E25045B} = {15CE7761-C59C-4269-AF8E-81C8BDEC0FCE}
		{49C60052-DE3E-48E3-AD76-771F064022A6} = {15CE7761-C59C-4269-AF8E-81C8BDEC0FCE}
		{A9B1889C-8721-4FAE-B502-B7B1AF714CB4} = {B77FE594-311B-4B57-A7CD-A3709E25045B}
		{06D67C50-3CBD-41B3-B594-55F221B62A23} = {B77FE594-311B-4B57-A7CD-A3709E25045B}
		{F8A3F9CF-C903-4C90-9E1E-7E5AC609817E} = {A9B1889C-8721-4FAE-B502-B7B1AF714CB4}
		{245404FE-7525-4280-BF5E-391584A73D12} = {A9B1889C-8721-4FAE-B502-B7B1AF714CB4}
		{6C2354FC-84B8-4205-A7B9-F3A7202B533F} = {A9B1889C-8721-4FAE-B502-B7B1AF714CB4}
		{33C6A499-24EB-4FA5-8C84-E047FD977E97} = {A9B1889C-8721-4FAE-B502-B7B1AF714CB4}
		{36A6659B-C5DF-4AD7-A4C2-9BE7276AEEE9} = {49C60052-DE3E-48E3-AD76-771F064022A6}
		{CF80794B-14F6-400A-8FD8-A64979F67CBD} = {3446A7B4-C9E4-46B7-8B9A-9C4A0A7F1F07}
		{EAB5F458-039A-48D8-A079-A22BD95ED6C5} = {3446A7B4-C9E4-46B7-8B9A-9C4A0A7F1F07}
		{7F25E536-4AFD-4EB4-B79A-75F35B9BD3C7} = {CF80794B-14F6-400A-8FD8-A64979F67CBD}
		{0341FAED-B45F-4603-A3FF-787B7ACE68D2} = {CF80794B-14F6-400A-8FD8-A64979F67CBD}
		{675910F6-FB38-4728-A426-AC58C6F077EF} = {0341FAED-B45F-4603-A3FF-787B7ACE68D2}
		{4EBA7ACA-F98B-4ECE-BB55-2174BD84BD7C} = {0341FAED-B45F-4603-A3FF-787B7ACE68D2}
		{C1D0D6AC-CC6D-4411-BA8E-ED73DD0ACD38} = {0341FAED-B45F-4603-A3FF-787B7ACE68D2}
		{AD32CEDC-68EA-4F03-AEF2-8ADD87D17666} = {0341FAED-B45F-4603-A3FF-787B7ACE68D2}
		{4AFDBCD2-16F2-49E8-B921-238890C6C5D5} = {9567D7BF-30B3-4C7A-8642-5CD9DE5EA01D}
		{44F71800-4F1C-4BE6-945C-1CA96AFCC3E0} = {9567D7BF-30B3-4C7A-8642-5CD9DE5EA01D}
		{D23A8092-0395-4DC9-AF47-3D86DFE4AB7C} = {4AFDBCD2-16F2-49E8-B921-238890C6C5D5}
		{691CFD67-B3D7-4BB3-9089-B0ED23CCDFC1} = {4AFDBCD2-16F2-49E8-B921-238890C6C5D5}
		{D97756CE-4C89-4648-B09C-0A6BCEBDF2E5} = {691CFD67-B3D7-4BB3-9089-B0ED23CCDFC1}
		{82287A05-89B3-4BA4-A257-D30703C85D42} = {691CFD67-B3D7-4BB3-9089-B0ED23CCDFC1}
		{C3ABBBCF-0763-4EB2-9424-513A83C4F0FF} = {691CFD67-B3D7-4BB3-9089-B0ED23CCDFC1}
		{ED94852A-1AA3-4F7D-ABD8-6AC6BFA19467} = {691CFD67-B3D7-4BB3-9089-B0ED23CCDFC1}
	EndGlobalSection
	GlobalSection(ExtensibilityGlobals) = postSolution
		SolutionGuid = {8ABEC309-12BA-4002-A756-AD906482FA06}
	EndGlobalSection
EndGlobal
